
Microsoft Visual Studio Solution File, Format Version 12.00
# Visual Studio Version 16
VisualStudioVersion = 16.0.29306.81
MinimumVisualStudioVersion = 10.0.40219.1
Project("{FAE04EC0-301F-11D3-BF4B-00C04F79EFBC}") = "JPD.Demo.Service", "JPD.Demo.Service\JPD.Demo.Service.csproj", "{FBCD939F-462D-49D4-AC59-7A06F4784C7E}"
EndProject
Global
	GlobalSection(SolutionConfigurationPlatforms) = preSolution
		Debug|Any CPU = Debug|Any CPU
		Release|Any CPU = Release|Any CPU
	EndGlobalSection
	GlobalSection(ProjectConfigurationPlatforms) = postSolution
		{FBCD939F-462D-49D4-AC59-7A06F4784C7E}.Debug|Any CPU.ActiveCfg = Debug|Any CPU
		{FBCD939F-462D-49D4-AC59-7A06F4784C7E}.Debug|Any CPU.Build.0 = Debug|Any CPU
		{FBCD939F-462D-49D4-AC59-7A06F4784C7E}.Release|Any CPU.ActiveCfg = Release|Any CPU
		{FBCD939F-462D-49D4-AC59-7A06F4784C7E}.Release|Any CPU.Build.0 = Release|Any CPU
	EndGlobalSection
	GlobalSection(SolutionProperties) = preSolution
		HideSolutionNode = FALSE
	EndGlobalSection
	GlobalSection(ExtensibilityGlobals) = postSolution
		SolutionGuid = {BC0BF524-F918-4DE3-BB73-2B5FB34C6108}
	EndGlobalSection
EndGlobal
